
Microsoft Visual Studio Solution File, Format Version 12.00
# Visual Studio Version 17
VisualStudioVersion = 17.0.31903.59
MinimumVisualStudioVersion = 10.0.40219.1
Project("{FAE04EC0-301F-11D3-BF4B-00C04F79EFBC}") = "Viper.Security", "src\Viper.Security\Viper.Security.csproj", "{A1B2C3D4-0001-4000-8000-000000000001}"
EndProject
Project("{FAE04EC0-301F-11D3-BF4B-00C04F79EFBC}") = "Viper.Security.Tests", "tests\Viper.Security.Tests\Viper.Security.Tests.csproj", "{A1B2C3D4-0002-4000-8000-000000000002}"
EndProject
Project("{2150E333-8FDC-42A3-9474-1A3956D46DE8}") = "src", "src", "{827E0CD3-B72D-47B6-A68D-7590B98EB39B}"
EndProject
Project("{FAE04EC0-301F-11D3-BF4B-00C04F79EFBC}") = "Viper.ProcessEngine", "src\Viper.ProcessEngine\Viper.ProcessEngine.csproj", "{40E40E50-12CD-4FE7-88F4-5D8A480E833E}"
EndProject
Project("{2150E333-8FDC-42A3-9474-1A3956D46DE8}") = "tests", "tests", "{0AB3BF05-4346-4AA6-1389-037BE0695223}"
EndProject
Project("{FAE04EC0-301F-11D3-BF4B-00C04F79EFBC}") = "Viper.ProcessEngine.Tests", "tests\Viper.ProcessEngine.Tests\Viper.ProcessEngine.Tests.csproj", "{FBF63388-7268-4064-9D12-D4057665BA9B}"
EndProject
Project("{FAE04EC0-301F-11D3-BF4B-00C04F79EFBC}") = "Viper.Service", "src\Viper.Service\Viper.Service.csproj", "{545E6611-A2CF-4D57-8268-22259678C05D}"
EndProject
Project("{FAE04EC0-301F-11D3-BF4B-00C04F79EFBC}") = "Viper.IPC", "src\Viper.IPC\Viper.IPC.csproj", "{F0B7DCA9-292B-4F13-B381-B874C238A20B}"
EndProject
Project("{FAE04EC0-301F-11D3-BF4B-00C04F79EFBC}") = "Viper.UI", "src\Viper.UI\Viper.UI.csproj", "{8DB5C8B9-0CB9-45E1-88AC-D2FA67AE2CFD}"
EndProject
Project("{FAE04EC0-301F-11D3-BF4B-00C04F79EFBC}") = "Viper.Config", "src\Viper.Config\Viper.Config.csproj", "{3D00740C-3B01-49FC-8BC4-06794DCE40BA}"
EndProject
Project("{FAE04EC0-301F-11D3-BF4B-00C04F79EFBC}") = "Viper.Watchdog", "src\Viper.Watchdog\Viper.Watchdog.csproj", "{F5F8E359-DA3E-4DA0-8BDB-4D2F0DC04397}"
EndProject
Global
	GlobalSection(SolutionConfigurationPlatforms) = preSolution
		Debug|Any CPU = Debug|Any CPU
		Debug|x64 = Debug|x64
		Debug|x86 = Debug|x86
		Release|Any CPU = Release|Any CPU
		Release|x64 = Release|x64
		Release|x86 = Release|x86
	EndGlobalSection
	GlobalSection(ProjectConfigurationPlatforms) = postSolution
		{A1B2C3D4-0001-4000-8000-000000000001}.Debug|Any CPU.ActiveCfg = Debug|Any CPU
		{A1B2C3D4-0001-4000-8000-000000000001}.Debug|Any CPU.Build.0 = Debug|Any CPU
		{A1B2C3D4-0001-4000-8000-000000000001}.Debug|x64.ActiveCfg = Debug|Any CPU
		{A1B2C3D4-0001-4000-8000-000000000001}.Debug|x64.Build.0 = Debug|Any CPU
		{A1B2C3D4-0001-4000-8000-000000000001}.Debug|x86.ActiveCfg = Debug|Any CPU
		{A1B2C3D4-0001-4000-8000-000000000001}.Debug|x86.Build.0 = Debug|Any CPU
		{A1B2C3D4-0001-4000-8000-000000000001}.Release|Any CPU.ActiveCfg = Release|Any CPU
		{A1B2C3D4-0001-4000-8000-000000000001}.Release|Any CPU.Build.0 = Release|Any CPU
		{A1B2C3D4-0001-4000-8000-000000000001}.Release|x64.ActiveCfg = Release|Any CPU
		{A1B2C3D4-0001-4000-8000-000000000001}.Release|x64.Build.0 = Release|Any CPU
		{A1B2C3D4-0001-4000-8000-000000000001}.Release|x86.ActiveCfg = Release|Any CPU
		{A1B2C3D4-0001-4000-8000-000000000001}.Release|x86.Build.0 = Release|Any CPU
		{A1B2C3D4-0002-4000-8000-000000000002}.Debug|Any CPU.ActiveCfg = Debug|Any CPU
		{A1B2C3D4-0002-4000-8000-000000000002}.Debug|Any CPU.Build.0 = Debug|Any CPU
		{A1B2C3D4-0002-4000-8000-000000000002}.Debug|x64.ActiveCfg = Debug|Any CPU
		{A1B2C3D4-0002-4000-8000-000000000002}.Debug|x64.Build.0 = Debug|Any CPU
		{A1B2C3D4-0002-4000-8000-000000000002}.Debug|x86.ActiveCfg = Debug|Any CPU
		{A1B2C3D4-0002-4000-8000-000000000002}.Debug|x86.Build.0 = Debug|Any CPU
		{A1B2C3D4-0002-4000-8000-000000000002}.Release|Any CPU.ActiveCfg = Release|Any CPU
		{A1B2C3D4-0002-4000-8000-000000000002}.Release|Any CPU.Build.0 = Release|Any CPU
		{A1B2C3D4-0002-4000-8000-000000000002}.Release|x64.ActiveCfg = Release|Any CPU
		{A1B2C3D4-0002-4000-8000-000000000002}.Release|x64.Build.0 = Release|Any CPU
		{A1B2C3D4-0002-4000-8000-000000000002}.Release|x86.ActiveCfg = Release|Any CPU
		{A1B2C3D4-0002-4000-8000-000000000002}.Release|x86.Build.0 = Release|Any CPU
		{40E40E50-12CD-4FE7-88F4-5D8A480E833E}.Debug|Any CPU.ActiveCfg = Debug|Any CPU
		{40E40E50-12CD-4FE7-88F4-5D8A480E833E}.Debug|Any CPU.Build.0 = Debug|Any CPU
		{40E40E50-12CD-4FE7-88F4-5D8A480E833E}.Debug|x64.ActiveCfg = Debug|Any CPU
		{40E40E50-12CD-4FE7-88F4-5D8A480E833E}.Debug|x64.Build.0 = Debug|Any CPU
		{40E40E50-12CD-4FE7-88F4-5D8A480E833E}.Debug|x86.ActiveCfg = Debug|Any CPU
		{40E40E50-12CD-4FE7-88F4-5D8A480E833E}.Debug|x86.Build.0 = Debug|Any CPU
		{40E40E50-12CD-4FE7-88F4-5D8A480E833E}.Release|Any CPU.ActiveCfg = Release|Any CPU
		{40E40E50-12CD-4FE7-88F4-5D8A480E833E}.Release|Any CPU.Build.0 = Release|Any CPU
		{40E40E50-12CD-4FE7-88F4-5D8A480E833E}.Release|x64.ActiveCfg = Release|Any CPU
		{40E40E50-12CD-4FE7-88F4-5D8A480E833E}.Release|x64.Build.0 = Release|Any CPU
		{40E40E50-12CD-4FE7-88F4-5D8A480E833E}.Release|x86.ActiveCfg = Release|Any CPU
		{40E40E50-12CD-4FE7-88F4-5D8A480E833E}.Release|x86.Build.0 = Release|Any CPU
		{FBF63388-7268-4064-9D12-D4057665BA9B}.Debug|Any CPU.ActiveCfg = Debug|Any CPU
		{FBF63388-7268-4064-9D12-D4057665BA9B}.Debug|Any CPU.Build.0 = Debug|Any CPU
		{FBF63388-7268-4064-9D12-D4057665BA9B}.Debug|x64.ActiveCfg = Debug|Any CPU
		{FBF63388-7268-4064-9D12-D4057665BA9B}.Debug|x64.Build.0 = Debug|Any CPU
		{FBF63388-7268-4064-9D12-D4057665BA9B}.Debug|x86.ActiveCfg = Debug|Any CPU
		{FBF63388-7268-4064-9D12-D4057665BA9B}.Debug|x86.Build.0 = Debug|Any CPU
		{FBF63388-7268-4064-9D12-D4057665BA9B}.Release|Any CPU.ActiveCfg = Release|Any CPU
		{FBF63388-7268-4064-9D12-D4057665BA9B}.Release|Any CPU.Build.0 = Release|Any CPU
		{FBF63388-7268-4064-9D12-D4057665BA9B}.Release|x64.ActiveCfg = Release|Any CPU
		{FBF63388-7268-4064-9D12-D4057665BA9B}.Release|x64.Build.0 = Release|Any CPU
		{FBF63388-7268-4064-9D12-D4057665BA9B}.Release|x86.ActiveCfg = Release|Any CPU
		{FBF63388-7268-4064-9D12-D4057665BA9B}.Release|x86.Build.0 = Release|Any CPU
		{545E6611-A2CF-4D57-8268-22259678C05D}.Debug|Any CPU.ActiveCfg = Debug|Any CPU
		{545E6611-A2CF-4D57-8268-22259678C05D}.Debug|Any CPU.Build.0 = Debug|Any CPU
		{545E6611-A2CF-4D57-8268-22259678C05D}.Debug|x64.ActiveCfg = Debug|Any CPU
		{545E6611-A2CF-4D57-8268-22259678C05D}.Debug|x64.Build.0 = Debug|Any CPU
		{545E6611-A2CF-4D57-8268-22259678C05D}.Debug|x86.ActiveCfg = Debug|Any CPU
		{545E6611-A2CF-4D57-8268-22259678C05D}.Debug|x86.Build.0 = Debug|Any CPU
		{545E6611-A2CF-4D57-8268-22259678C05D}.Release|Any CPU.ActiveCfg = Release|Any CPU
		{545E6611-A2CF-4D57-8268-22259678C05D}.Release|Any CPU.Build.0 = Release|Any CPU
		{545E6611-A2CF-4D57-8268-22259678C05D}.Release|x64.ActiveCfg = Release|Any CPU
		{545E6611-A2CF-4D57-8268-22259678C05D}.Release|x64.Build.0 = Release|Any CPU
		{545E6611-A2CF-4D57-8268-22259678C05D}.Release|x86.ActiveCfg = Release|Any CPU
		{545E6611-A2CF-4D57-8268-22259678C05D}.Release|x86.Build.0 = Release|Any CPU
		{F0B7DCA9-292B-4F13-B381-B874C238A20B}.Debug|Any CPU.ActiveCfg = Debug|Any CPU
		{F0B7DCA9-292B-4F13-B381-B874C238A20B}.Debug|Any CPU.Build.0 = Debug|Any CPU
		{F0B7DCA9-292B-4F13-B381-B874C238A20B}.Debug|x64.ActiveCfg = Debug|Any CPU
		{F0B7DCA9-292B-4F13-B381-B874C238A20B}.Debug|x64.Build.0 = Debug|Any CPU
		{F0B7DCA9-292B-4F13-B381-B874C238A20B}.Debug|x86.ActiveCfg = Debug|Any CPU
		{F0B7DCA9-292B-4F13-B381-B874C238A20B}.Debug|x86.Build.0 = Debug|Any CPU
		{F0B7DCA9-292B-4F13-B381-B874C238A20B}.Release|Any CPU.ActiveCfg = Release|Any CPU
		{F0B7DCA9-292B-4F13-B381-B874C238A20B}.Release|Any CPU.Build.0 = Release|Any CPU
		{F0B7DCA9-292B-4F13-B381-B874C238A20B}.Release|x64.ActiveCfg = Release|Any CPU
		{F0B7DCA9-292B-4F13-B381-B874C238A20B}.Release|x64.Build.0 = Release|Any CPU
		{F0B7DCA9-292B-4F13-B381-B874C238A20B}.Release|x86.ActiveCfg = Release|Any CPU
		{F0B7DCA9-292B-4F13-B381-B874C238A20B}.Release|x86.Build.0 = Release|Any CPU
		{8DB5C8B9-0CB9-45E1-88AC-D2FA67AE2CFD}.Debug|Any CPU.ActiveCfg = Debug|Any CPU
		{8DB5C8B9-0CB9-45E1-88AC-D2FA67AE2CFD}.Debug|Any CPU.Build.0 = Debug|Any CPU
		{8DB5C8B9-0CB9-45E1-88AC-D2FA67AE2CFD}.Debug|x64.ActiveCfg = Debug|Any CPU
		{8DB5C8B9-0CB9-45E1-88AC-D2FA67AE2CFD}.Debug|x64.Build.0 = Debug|Any CPU
		{8DB5C8B9-0CB9-45E1-88AC-D2FA67AE2CFD}.Debug|x86.ActiveCfg = Debug|Any CPU
		{8DB5C8B9-0CB9-45E1-88AC-D2FA67AE2CFD}.Debug|x86.Build.0 = Debug|Any CPU
		{8DB5C8B9-0CB9-45E1-88AC-D2FA67AE2CFD}.Release|Any CPU.ActiveCfg = Release|Any CPU
		{8DB5C8B9-0CB9-45E1-88AC-D2FA67AE2CFD}.Release|Any CPU.Build.0 = Release|Any CPU
		{8DB5C8B9-0CB9-45E1-88AC-D2FA67AE2CFD}.Release|x64.ActiveCfg = Release|Any CPU
		{8DB5C8B9-0CB9-45E1-88AC-D2FA67AE2CFD}.Release|x64.Build.0 = Release|Any CPU
		{8DB5C8B9-0CB9-45E1-88AC-D2FA67AE2CFD}.Release|x86.ActiveCfg = Release|Any CPU
		{8DB5C8B9-0CB9-45E1-88AC-D2FA67AE2CFD}.Release|x86.Build.0 = Release|Any CPU
		{3D00740C-3B01-49FC-8BC4-06794DCE40BA}.Debug|Any CPU.ActiveCfg = Debug|Any CPU
		{3D00740C-3B01-49FC-8BC4-06794DCE40BA}.Debug|Any CPU.Build.0 = Debug|Any CPU
		{3D00740C-3B01-49FC-8BC4-06794DCE40BA}.Debug|x64.ActiveCfg = Debug|Any CPU
		{3D00740C-3B01-49FC-8BC4-06794DCE40BA}.Debug|x64.Build.0 = Debug|Any CPU
		{3D00740C-3B01-49FC-8BC4-06794DCE40BA}.Debug|x86.ActiveCfg = Debug|Any CPU
		{3D00740C-3B01-49FC-8BC4-06794DCE40BA}.Debug|x86.Build.0 = Debug|Any CPU
		{3D00740C-3B01-49FC-8BC4-06794DCE40BA}.Release|Any CPU.ActiveCfg = Release|Any CPU
		{3D00740C-3B01-49FC-8BC4-06794DCE40BA}.Release|Any CPU.Build.0 = Release|Any CPU
		{3D00740C-3B01-49FC-8BC4-06794DCE40BA}.Release|x64.ActiveCfg = Release|Any CPU
		{3D00740C-3B01-49FC-8BC4-06794DCE40BA}.Release|x64.Build.0 = Release|Any CPU
		{3D00740C-3B01-49FC-8BC4-06794DCE40BA}.Release|x86.ActiveCfg = Release|Any CPU
		{3D00740C-3B01-49FC-8BC4-06794DCE40BA}.Release|x86.Build.0 = Release|Any CPU
		{F5F8E359-DA3E-4DA0-8BDB-4D2F0DC04397}.Debug|Any CPU.ActiveCfg = Debug|Any CPU
		{F5F8E359-DA3E-4DA0-8BDB-4D2F0DC04397}.Debug|Any CPU.Build.0 = Debug|Any CPU
		{F5F8E359-DA3E-4DA0-8BDB-4D2F0DC04397}.Debug|x64.ActiveCfg = Debug|Any CPU
		{F5F8E359-DA3E-4DA0-8BDB-4D2F0DC04397}.Debug|x64.Build.0 = Debug|Any CPU
		{F5F8E359-DA3E-4DA0-8BDB-4D2F0DC04397}.Debug|x86.ActiveCfg = Debug|Any CPU
		{F5F8E359-DA3E-4DA0-8BDB-4D2F0DC04397}.Debug|x86.Build.0 = Debug|Any CPU
		{F5F8E359-DA3E-4DA0-8BDB-4D2F0DC04397}.Release|Any CPU.ActiveCfg = Release|Any CPU
		{F5F8E359-DA3E-4DA0-8BDB-4D2F0DC04397}.Release|Any CPU.Build.0 = Release|Any CPU
		{F5F8E359-DA3E-4DA0-8BDB-4D2F0DC04397}.Release|x64.ActiveCfg = Release|Any CPU
		{F5F8E359-DA3E-4DA0-8BDB-4D2F0DC04397}.Release|x64.Build.0 = Release|Any CPU
		{F5F8E359-DA3E-4DA0-8BDB-4D2F0DC04397}.Release|x86.ActiveCfg = Release|Any CPU
		{F5F8E359-DA3E-4DA0-8BDB-4D2F0DC04397}.Release|x86.Build.0 = Release|Any CPU
	EndGlobalSection
	GlobalSection(SolutionProperties) = preSolution
		HideSolutionNode = FALSE
	EndGlobalSection
	GlobalSection(NestedProjects) = preSolution
		{40E40E50-12CD-4FE7-88F4-5D8A480E833E} = {827E0CD3-B72D-47B6-A68D-7590B98EB39B}
		{FBF63388-7268-4064-9D12-D4057665BA9B} = {0AB3BF05-4346-4AA6-1389-037BE0695223}
		{545E6611-A2CF-4D57-8268-22259678C05D} = {827E0CD3-B72D-47B6-A68D-7590B98EB39B}
		{F0B7DCA9-292B-4F13-B381-B874C238A20B} = {827E0CD3-B72D-47B6-A68D-7590B98EB39B}
		{8DB5C8B9-0CB9-45E1-88AC-D2FA67AE2CFD} = {827E0CD3-B72D-47B6-A68D-7590B98EB39B}
		{3D00740C-3B01-49FC-8BC4-06794DCE40BA} = {827E0CD3-B72D-47B6-A68D-7590B98EB39B}
		{F5F8E359-DA3E-4DA0-8BDB-4D2F0DC04397} = {827E0CD3-B72D-47B6-A68D-7590B98EB39B}
	EndGlobalSection
EndGlobal
